
Microsoft Visual Studio Solution File, Format Version 12.00
# Visual Studio Version 17
VisualStudioVersion = 17.8.34511.84
MinimumVisualStudioVersion = 10.0.40219.1
Project("{FAE04EC0-301F-11D3-BF4B-00C04F79EFBC}") = "StoreFront.UI.MVC", "StoreFront.UI.MVC\StoreFront.UI.MVC.csproj", "{4931B812-54BF-46D9-B124-9E813E08BE0A}"
EndProject
Project("{FAE04EC0-301F-11D3-BF4B-00C04F79EFBC}") = "StoreFront.DATA.EF", "StoreFront.DATA.EF\StoreFront.DATA.EF.csproj", "{5E810F55-59B7-4B96-AF3D-C293DDA3364A}"
EndProject
Global
	GlobalSection(SolutionConfigurationPlatforms) = preSolution
		Debug|Any CPU = Debug|Any CPU
		Release|Any CPU = Release|Any CPU
	EndGlobalSection
	GlobalSection(ProjectConfigurationPlatforms) = postSolution
		{4931B812-54BF-46D9-B124-9E813E08BE0A}.Debug|Any CPU.ActiveCfg = Debug|Any CPU
		{4931B812-54BF-46D9-B124-9E813E08BE0A}.Debug|Any CPU.Build.0 = Debug|Any CPU
		{4931B812-54BF-46D9-B124-9E813E08BE0A}.Release|Any CPU.ActiveCfg = Release|Any CPU
		{4931B812-54BF-46D9-B124-9E813E08BE0A}.Release|Any CPU.Build.0 = Release|Any CPU
		{5E810F55-59B7-4B96-AF3D-C293DDA3364A}.Debug|Any CPU.ActiveCfg = Debug|Any CPU
		{5E810F55-59B7-4B96-AF3D-C293DDA3364A}.Debug|Any CPU.Build.0 = Debug|Any CPU
		{5E810F55-59B7-4B96-AF3D-C293DDA3364A}.Release|Any CPU.ActiveCfg = Release|Any CPU
		{5E810F55-59B7-4B96-AF3D-C293DDA3364A}.Release|Any CPU.Build.0 = Release|Any CPU
	EndGlobalSection
	GlobalSection(SolutionProperties) = preSolution
		HideSolutionNode = FALSE
	EndGlobalSection
	GlobalSection(ExtensibilityGlobals) = postSolution
		SolutionGuid = {ECC5DFD3-7DEF-4AC3-8FC9-B51CE12902D3}
	EndGlobalSection
EndGlobal
